schema: '2.0'
stages:
  load_data:
    cmd: python -m src.data_loading.load_data
    deps:
    - path: src/data_loading/load_data.py
      hash: md5
      md5: 2e44ca1b61cbe9ab249879a31ee1fc9c
      size: 1342
    outs:
    - path: data/raw/raw.csv
      hash: md5
      md5: e1b6054b415ad8448f25838a532bfb3e
      size: 116187
  preprocess_data:
    cmd: python -m src.data_preprocessing.preprocess_data
    deps:
    - path: data/raw/raw.csv
      hash: md5
      md5: e1b6054b415ad8448f25838a532bfb3e
      size: 116187
    - path: src/data_preprocessing/preprocess_data.py
      hash: md5
      md5: 727f22f9650a9dfb2b1a217912d46034
      size: 3993
    params:
      params.yaml:
        preprocess_data.random_seed: 41
        preprocess_data.test_size: 0.2
    outs:
    - path: artifacts/[features]_mean_imputer.joblib
      hash: md5
      md5: 0c23df333b6a48c7b161c82c127ba293
      size: 1511
    - path: data/preprocessed/test_preprocessed.csv
      hash: md5
      md5: aaaf26422e14100930c5a234d9cf427a
      size: 27103
    - path: data/preprocessed/train_preprocessed.csv
      hash: md5
      md5: aae50b3f684908360beb9d8431f149a1
      size: 105492
  engineer_features:
    cmd: python -m src.feature_engineering.engineer_features
    deps:
    - path: data/preprocessed/test_preprocessed.csv
      hash: md5
      md5: aaaf26422e14100930c5a234d9cf427a
      size: 27103
    - path: data/preprocessed/train_preprocessed.csv
      hash: md5
      md5: aae50b3f684908360beb9d8431f149a1
      size: 105492
    - path: src/feature_engineering/engineer_features.py
      hash: md5
      md5: f8446b81a185b5c5d4b06fd60a3b9b9f
      size: 3052
    outs:
    - path: artifacts/[features]_scaler.joblib
      hash: md5
      md5: 0dfbcd4750ebcc0f4af893bb6ec203d4
      size: 2135
    - path: data/processed/test_processed.csv
      hash: md5
      md5: 7dfb758ed7a7e554acb73917b1f5d61a
      size: 67551
    - path: data/processed/train_processed.csv
      hash: md5
      md5: 6cff7c803a5b3515e942112979cfb725
      size: 268222
  train:
    cmd: python -m src.model_training.train_model
    deps:
    - path: data/processed/train_processed.csv
      hash: md5
      md5: 6cff7c803a5b3515e942112979cfb725
      size: 268222
    - path: src/model_training/train_model.py
      hash: md5
      md5: 9865972e4ae5ddafb7a20e3c6821738c
      size: 6797
    params:
      params.yaml:
        train.batch_size: 32
        train.dropout_rate: 0.3
        train.epochs: 20
        train.hidden_layer_1_neurons: 64
        train.hidden_layer_2_neurons: 32
        train.learning_rate: 0.01
    outs:
    - path: artifacts/[target]_one_hot_encoder.joblib
      hash: md5
      md5: 9c68e41a114fdb0985121e8d89f055bc
      size: 617
    - path: metrics/training.json
      hash: md5
      md5: dd2f8534aa3f66bfa945ef79bb3eb3b1
      size: 141
    - path: models/model.keras
      hash: md5
      md5: 82412465a2e6c403fc9e2bc0a621bc29
      size: 79539
  evaluate:
    cmd: python -m src.model_evaluation.evaluate_model
    deps:
    - path: artifacts/[target]_one_hot_encoder.joblib
      hash: md5
      md5: 9c68e41a114fdb0985121e8d89f055bc
      size: 617
    - path: data/processed/test_processed.csv
      hash: md5
      md5: 7dfb758ed7a7e554acb73917b1f5d61a
      size: 67551
    - path: models/model.keras
      hash: md5
      md5: 82412465a2e6c403fc9e2bc0a621bc29
      size: 79539
    - path: src/model_evaluation/evaluate_model.py
      hash: md5
      md5: 1c01d7b7904b0f15ba10ac99d259ca02
      size: 3290
    outs:
    - path: metrics/evaluation.json
      hash: md5
      md5: 3739ddeba9e4602c503d57129e5255b9
      size: 599
